{
  "version": 2,
  "packages": {
    "results": {
      "version": "0.5.1",
      "vcsRevision": "df8113dda4c2d74d460a8fa98252b0b771bf1f27",
      "url": "https://github.com/arnetheduck/nim-results",
      "downloadMethod": "git",
      "dependencies": [],
      "checksums": {
        "sha1": "a9c011f74bc9ed5c91103917b9f382b12e82a9e7"
      }
    },
    "unittest2": {
      "version": "0.2.5",
      "vcsRevision": "26f2ef3ae0ec72a2a75bfe557e02e88f6a31c189",
      "url": "https://github.com/status-im/nim-unittest2",
      "downloadMethod": "git",
      "dependencies": [],
      "checksums": {
        "sha1": "02bb3751ba9ddc3c17bfd89f2e41cb6bfb8fc0c9"
      }
    },
    "stew": {
      "version": "0.5.2",
      "vcsRevision": "c75502ceedb5ed2a37b7b5e4744fc71313682859",
      "url": "https://github.com/status-im/nim-stew",
      "downloadMethod": "git",
      "dependencies": [
        "results",
        "unittest2"
      ],
      "checksums": {
        "sha1": "02c533a9a3cae4ef9e3969ca0d85374b254f021a"
      }
    },
    "faststreams": {
      "version": "0.5.2",
      "vcsRevision": "059bc2f52546ac14b583639c33372c14b1d46fa3",
      "url": "https://github.com/status-im/nim-faststreams",
      "downloadMethod": "git",
      "dependencies": [
        "stew",
        "unittest2"
      ],
      "checksums": {
        "sha1": "589a9cf07e1d978f460f3da7f8de9b37ac3141af"
      }
    },
    "leopard": {
      "version": "0.2.0",
      "vcsRevision": "f1878d6aaa816e6c9d7b80d50d773f51dce1b873",
      "url": "https://github.com/status-im/nim-leopard",
      "downloadMethod": "git",
      "dependencies": [
        "unittest2",
        "results"
      ],
      "checksums": {
        "sha1": "d0dd61a4e9030cbdc3dc92655772a76a12c8bbc1"
      }
    },
    "nimcrypto": {
      "version": "0.7.3",
      "vcsRevision": "b3dbc9c4d08e58c5b7bfad6dc7ef2ee52f2f4c08",
      "url": "https://github.com/cheatfate/nimcrypto",
      "downloadMethod": "git",
      "dependencies": [],
      "checksums": {
        "sha1": "f72b90fe3f4da09efa482de4f8729e7ee4abea2f"
      }
    },
    "npeg": {
      "version": "1.3.0",
      "vcsRevision": "409f6796d0e880b3f0222c964d1da7de6e450811",
      "url": "https://github.com/zevv/npeg",
      "downloadMethod": "git",
      "dependencies": [],
      "checksums": {
        "sha1": "64f15c85a059c889cb11c5fe72372677c50da621"
      }
    },
    "serialization": {
      "version": "0.5.4",
      "vcsRevision": "b5473564e80a4908cf6c5a038e4c4a6ca7de2223",
      "url": "https://github.com/status-im/nim-serialization",
      "downloadMethod": "git",
      "dependencies": [
        "faststreams",
        "stew",
        "unittest2"
      ],
      "checksums": {
        "sha1": "6a75be38ab6c8a5d49108a54b494ff70d68ea011"
      }
    },
    "protobuf_serialization": {
      "version": "0.6.2",
      "vcsRevision": "a671c6d497c7028ed7390b2d5a80c7b62138c586",
      "url": "https://github.com/status-im/nim-protobuf-serialization",
      "downloadMethod": "git",
      "dependencies": [
        "faststreams",
        "npeg",
        "serialization",
        "stew",
        "unittest2"
      ],
      "checksums": {
        "sha1": "6b4e372946039599559ed1efe14c53bc47c32d02"
      }
    }
  },
  "tasks": {}
}
